// !$*UTF8*$!
{
	archiveVersion = 1;
	classes = {
	};
	objectVersion = 46;
	objects = {

/* Begin PBXBuildFile section */
		0D2346491CB5B977007CCD03 /* main.m in Sources */ = {isa = PBXBuildFile; fileRef = 0D2346481CB5B977007CCD03 /* main.m */; };
		0D23464C1CB5B977007CCD03 /* AppDelegate.m in Sources */ = {isa = PBXBuildFile; fileRef = 0D23464B1CB5B977007CCD03 /* AppDelegate.m */; };
		0D23464F1CB5B977007CCD03 /* ViewController.m in Sources */ = {isa = PBXBuildFile; fileRef = 0D23464E1CB5B977007CCD03 /* ViewController.m */; };
		0D2346521CB5B977007CCD03 /* Main.storyboard in Resources */ = {isa = PBXBuildFile; fileRef = 0D2346501CB5B977007CCD03 /* Main.storyboard */; };
		0D2346571CB5B977007CCD03 /* Assets.xcassets in Resources */ = {isa = PBXBuildFile; fileRef = 0D2346561CB5B977007CCD03 /* Assets.xcassets */; };
		0D23465A1CB5B977007CCD03 /* LaunchScreen.storyboard in Resources */ = {isa = PBXBuildFile; fileRef = 0D2346581CB5B977007CCD03 /* LaunchScreen.storyboard */; };
		0D2346651CB5B977007CCD03 /* CoolPlacesTests.m in Sources */ = {isa = PBXBuildFile; fileRef = 0D2346641CB5B977007CCD03 /* CoolPlacesTests.m */; };
		0D23467C1CB62A6D007CCD03 /* PlaceImage.m in Sources */ = {isa = PBXBuildFile; fileRef = 0D23467B1CB62A6D007CCD03 /* PlaceImage.m */; };
		0D23467F1CB62A8F007CCD03 /* PlaceTableViewCell.m in Sources */ = {isa = PBXBuildFile; fileRef = 0D23467E1CB62A8F007CCD03 /* PlaceTableViewCell.m */; };
		0D2346811CB6B102007CCD03 /* PlaceTableViewCell.xib in Resources */ = {isa = PBXBuildFile; fileRef = 0D2346801CB6B102007CCD03 /* PlaceTableViewCell.xib */; };
		0D2346851CB6C19D007CCD03 /* CoolPlaces.xcdatamodel in Sources */ = {isa = PBXBuildFile; fileRef = 0D2346841CB6C19D007CCD03 /* CoolPlaces.xcdatamodel */; };
/* End PBXBuildFile section */

/* Begin PBXContainerItemProxy section */
		0D2346611CB5B977007CCD03 /* PBXContainerItemProxy */ = {
			isa = PBXContainerItemProxy;
			containerPortal = 0D23463C1CB5B977007CCD03 /* Project object */;
			proxyType = 1;
			remoteGlobalIDString = 0D2346431CB5B977007CCD03;
			remoteInfo = CoolPlaces;
		};
/* End PBXContainerItemProxy section */

/* Begin PBXFileReference section */
		0D2346441CB5B977007CCD03 /* CoolPlaces.app */ = {isa = PBXFileReference; explicitFileType = wrapper.application; includeInIndex = 0; path = CoolPlaces.app; sourceTree = BUILT_PRODUCTS_DIR; };
		0D2346481CB5B977007CCD03 /* main.m */ = {isa = PBXFileReference; lastKnownFileType = sourcecode.c.objc; path = main.m; sourceTree = "<group>"; };
		0D23464A1CB5B977007CCD03 /* AppDelegate.h */ = {isa = PBXFileReference; lastKnownFileType = sourcecode.c.h; path = AppDelegate.h; sourceTree = "<group>"; };
		0D23464B1CB5B977007CCD03 /* AppDelegate.m */ = {isa = PBXFileReference; lastKnownFileType = sourcecode.c.objc; path = AppDelegate.m; sourceTree = "<group>"; };
		0D23464D1CB5B977007CCD03 /* ViewController.h */ = {isa = PBXFileReference; lastKnownFileType = sourcecode.c.h; path = ViewController.h; sourceTree = "<group>"; };
		0D23464E1CB5B977007CCD03 /* ViewController.m */ = {isa = PBXFileReference; lastKnownFileType = sourcecode.c.objc; path = ViewController.m; sourceTree = "<group>"; };
		0D2346511CB5B977007CCD03 /* Base */ = {isa = PBXFileReference; lastKnownFileType = file.storyboard; name = Base; path = Base.lproj/Main.storyboard; sourceTree = "<group>"; };
		0D2346561CB5B977007CCD03 /* Assets.xcassets */ = {isa = PBXFileReference; lastKnownFileType = folder.assetcatalog; path = Assets.xcassets; sourceTree = "<group>"; };
		0D2346591CB5B977007CCD03 /* Base */ = {isa = PBXFileReference; lastKnownFileType = file.storyboard; name = Base; path = Base.lproj/LaunchScreen.storyboard; sourceTree = "<group>"; };
		0D23465B1CB5B977007CCD03 /* Info.plist */ = {isa = PBXFileReference; lastKnownFileType = text.plist.xml; path = Info.plist; sourceTree = "<group>"; };
		0D2346601CB5B977007CCD03 /* CoolPlacesTests.xctest */ = {isa = PBXFileReference; explicitFileType = wrapper.cfbundle; includeInIndex = 0; path = CoolPlacesTests.xctest; sourceTree = BUILT_PRODUCTS_DIR; };
		0D2346641CB5B977007CCD03 /* CoolPlacesTests.m */ = {isa = PBXFileReference; lastKnownFileType = sourcecode.c.objc; path = CoolPlacesTests.m; sourceTree = "<group>"; };
		0D2346661CB5B977007CCD03 /* Info.plist */ = {isa = PBXFileReference; lastKnownFileType = text.plist.xml; path = Info.plist; sourceTree = "<group>"; };
		0D23466F1CB60AE9007CCD03 /* Constants.h */ = {isa = PBXFileReference; lastKnownFileType = sourcecode.c.h; path = Constants.h; sourceTree = "<group>"; };
		0D23467A1CB62A6D007CCD03 /* PlaceImage.h */ = {isa = PBXFileReference; fileEncoding = 4; lastKnownFileType = sourcecode.c.h; path = PlaceImage.h; sourceTree = "<group>"; };
		0D23467B1CB62A6D007CCD03 /* PlaceImage.m */ = {isa = PBXFileReference; fileEncoding = 4; lastKnownFileType = sourcecode.c.objc; path = PlaceImage.m; sourceTree = "<group>"; };
		0D23467D1CB62A8F007CCD03 /* PlaceTableViewCell.h */ = {isa = PBXFileReference; fileEncoding = 4; lastKnownFileType = sourcecode.c.h; path = PlaceTableViewCell.h; sourceTree = "<group>"; };
		0D23467E1CB62A8F007CCD03 /* PlaceTableViewCell.m */ = {isa = PBXFileReference; fileEncoding = 4; lastKnownFileType = sourcecode.c.objc; path = PlaceTableViewCell.m; sourceTree = "<group>"; };
		0D2346801CB6B102007CCD03 /* PlaceTableViewCell.xib */ = {isa = PBXFileReference; fileEncoding = 4; lastKnownFileType = file.xib; path = PlaceTableViewCell.xib; sourceTree = "<group>"; };
		0D2346841CB6C19D007CCD03 /* CoolPlaces.xcdatamodel */ = {isa = PBXFileReference; lastKnownFileType = wrapper.xcdatamodel; path = CoolPlaces.xcdatamodel; sourceTree = "<group>"; };
/* End PBXFileReference section */

/* Begin PBXFrameworksBuildPhase section */
		0D2346411CB5B977007CCD03 /* Frameworks */ = {
			isa = PBXFrameworksBuildPhase;
			buildActionMask = 2147483647;
			files = (
			);
			runOnlyForDeploymentPostprocessing = 0;
		};
		0D23465D1CB5B977007CCD03 /* Frameworks */ = {
			isa = PBXFrameworksBuildPhase;
			buildActionMask = 2147483647;
			files = (
			);
			runOnlyForDeploymentPostprocessing = 0;
		};
/* End PBXFrameworksBuildPhase section */

/* Begin PBXGroup section */
		0D23463B1CB5B977007CCD03 = {
			isa = PBXGroup;
			children = (
				0D2346461CB5B977007CCD03 /* CoolPlaces */,
				0D2346631CB5B977007CCD03 /* CoolPlacesTests */,
				0D2346451CB5B977007CCD03 /* Products */,
			);
			sourceTree = "<group>";
		};
		0D2346451CB5B977007CCD03 /* Products */ = {
			isa = PBXGroup;
			children = (
				0D2346441CB5B977007CCD03 /* CoolPlaces.app */,
				0D2346601CB5B977007CCD03 /* CoolPlacesTests.xctest */,
			);
			name = Products;
			sourceTree = "<group>";
		};
		0D2346461CB5B977007CCD03 /* CoolPlaces */ = {
			isa = PBXGroup;
			children = (
				0D2346701CB60AF1007CCD03 /* Model */,
				0D23467D1CB62A8F007CCD03 /* PlaceTableViewCell.h */,
				0D23467E1CB62A8F007CCD03 /* PlaceTableViewCell.m */,
				0D2346841CB6C19D007CCD03 /* CoolPlaces.xcdatamodel */,
				0D2346801CB6B102007CCD03 /* PlaceTableViewCell.xib */,
				0D23464A1CB5B977007CCD03 /* AppDelegate.h */,
				0D23464B1CB5B977007CCD03 /* AppDelegate.m */,
				0D23464D1CB5B977007CCD03 /* ViewController.h */,
				0D23464E1CB5B977007CCD03 /* ViewController.m */,
				0D2346501CB5B977007CCD03 /* Main.storyboard */,
				0D2346561CB5B977007CCD03 /* Assets.xcassets */,
				0D2346581CB5B977007CCD03 /* LaunchScreen.storyboard */,
				0D23465B1CB5B977007CCD03 /* Info.plist */,
				0D2346471CB5B977007CCD03 /* Supporting Files */,
			);
			path = CoolPlaces;
			sourceTree = "<group>";
		};
		0D2346471CB5B977007CCD03 /* Supporting Files */ = {
			isa = PBXGroup;
			children = (
				0D2346481CB5B977007CCD03 /* main.m */,
			);
			name = "Supporting Files";
			sourceTree = "<group>";
		};
		0D2346631CB5B977007CCD03 /* CoolPlacesTests */ = {
			isa = PBXGroup;
			children = (
				0D2346641CB5B977007CCD03 /* CoolPlacesTests.m */,
				0D2346661CB5B977007CCD03 /* Info.plist */,
			);
			path = CoolPlacesTests;
			sourceTree = "<group>";
		};
		0D2346701CB60AF1007CCD03 /* Model */ = {
			isa = PBXGroup;
			children = (
				0D23466F1CB60AE9007CCD03 /* Constants.h */,
				0D23467A1CB62A6D007CCD03 /* PlaceImage.h */,
				0D23467B1CB62A6D007CCD03 /* PlaceImage.m */,
			);
			name = Model;
			sourceTree = "<group>";
		};
/* End PBXGroup section */

/* Begin PBXNativeTarget section */
		0D2346431CB5B977007CCD03 /* CoolPlaces */ = {
			isa = PBXNativeTarget;
			buildConfigurationList = 0D2346691CB5B977007CCD03 /* Build configuration list for PBXNativeTarget "CoolPlaces" */;
			buildPhases = (
				0D2346401CB5B977007CCD03 /* Sources */,
				0D2346411CB5B977007CCD03 /* Frameworks */,
				0D2346421CB5B977007CCD03 /* Resources */,
			);
			buildRules = (
			);
			dependencies = (
			);
			name = CoolPlaces;
			productName = CoolPlaces;
			productReference = 0D2346441CB5B977007CCD03 /* CoolPlaces.app */;
			productType = "com.apple.product-type.application";
		};
		0D23465F1CB5B977007CCD03 /* CoolPlacesTests */ = {
			isa = PBXNativeTarget;
			buildConfigurationList = 0D23466C1CB5B977007CCD03 /* Build configuration list for PBXNativeTarget "CoolPlacesTests" */;
			buildPhases = (
				0D23465C1CB5B977007CCD03 /* Sources */,
				0D23465D1CB5B977007CCD03 /* Frameworks */,
				0D23465E1CB5B977007CCD03 /* Resources */,
			);
			buildRules = (
			);
			dependencies = (
				0D2346621CB5B977007CCD03 /* PBXTargetDependency */,
			);
			name = CoolPlacesTests;
			productName = CoolPlacesTests;
			productReference = 0D2346601CB5B977007CCD03 /* CoolPlacesTests.xctest */;
			productType = "com.apple.product-type.bundle.unit-test";
		};
/* End PBXNativeTarget section */

/* Begin PBXProject section */
		0D23463C1CB5B977007CCD03 /* Project object */ = {
			isa = PBXProject;
			attributes = {
				LastUpgradeCheck = 0720;
				ORGANIZATIONNAME = "Mulkey, Rodrigo S.";
				TargetAttributes = {
					0D2346431CB5B977007CCD03 = {
						CreatedOnToolsVersion = 7.2;
					};
					0D23465F1CB5B977007CCD03 = {
						CreatedOnToolsVersion = 7.2;
						TestTargetID = 0D2346431CB5B977007CCD03;
					};
				};
			};
			buildConfigurationList = 0D23463F1CB5B977007CCD03 /* Build configuration list for PBXProject "CoolPlaces" */;
			compatibilityVersion = "Xcode 3.2";
			developmentRegion = English;
			hasScannedForEncodings = 0;
			knownRegions = (
				en,
				Base,
			);
			mainGroup = 0D23463B1CB5B977007CCD03;
			productRefGroup = 0D2346451CB5B977007CCD03 /* Products */;
			projectDirPath = "";
			projectRoot = "";
			targets = (
				0D2346431CB5B977007CCD03 /* CoolPlaces */,
				0D23465F1CB5B977007CCD03 /* CoolPlacesTests */,
			);
		};
/* End PBXProject section */

/* Begin PBXResourcesBuildPhase section */
		0D2346421CB5B977007CCD03 /* Resources */ = {
			isa = PBXResourcesBuildPhase;
			buildActionMask = 2147483647;
			files = (
				0D23465A1CB5B977007CCD03 /* LaunchScreen.storyboard in Resources */,
				0D2346571CB5B977007CCD03 /* Assets.xcassets in Resources */,
				0D2346521CB5B977007CCD03 /* Main.storyboard in Resources */,
				0D2346811CB6B102007CCD03 /* PlaceTableViewCell.xib in Resources */,
			);
			runOnlyForDeploymentPostprocessing = 0;
		};
		0D23465E1CB5B977007CCD03 /* Resources */ = {
			isa = PBXResourcesBuildPhase;
			buildActionMask = 2147483647;
			files = (
			);
			runOnlyForDeploymentPostprocessing = 0;
		};
/* End PBXResourcesBuildPhase section */

/* Begin PBXSourcesBuildPhase section */
		0D2346401CB5B977007CCD03 /* Sources */ = {
			isa = PBXSourcesBuildPhase;
			buildActionMask = 2147483647;
			files = (
				0D23464F1CB5B977007CCD03 /* ViewController.m in Sources */,
				0D2346851CB6C19D007CCD03 /* CoolPlaces.xcdatamodel in Sources */,
				0D23464C1CB5B977007CCD03 /* AppDelegate.m in Sources */,
				0D2346491CB5B977007CCD03 /* main.m in Sources */,
				0D23467C1CB62A6D007CCD03 /* PlaceImage.m in Sources */,
				0D23467F1CB62A8F007CCD03 /* PlaceTableViewCell.m in Sources */,
			);
			runOnlyForDeploymentPostprocessing = 0;
		};
		0D23465C1CB5B977007CCD03 /* Sources */ = {
			isa = PBXSourcesBuildPhase;
			buildActionMask = 2147483647;
			files = (
				0D2346651CB5B977007CCD03 /* CoolPlacesTests.m in Sources */,
			);
			runOnlyForDeploymentPostprocessing = 0;
		};
/* End PBXSourcesBuildPhase section */

/* Begin PBXTargetDependency section */
		0D2346621CB5B977007CCD03 /* PBXTargetDependency */ = {
			isa = PBXTargetDependency;
			target = 0D2346431CB5B977007CCD03 /* CoolPlaces */;
			targetProxy = 0D2346611CB5B977007CCD03 /* PBXContainerItemProxy */;
		};
/* End PBXTargetDependency section */

/* Begin PBXVariantGroup section */
		0D2346501CB5B977007CCD03 /* Main.storyboard */ = {
			isa = PBXVariantGroup;
			children = (
				0D2346511CB5B977007CCD03 /* Base */,
			);
			name = Main.storyboard;
			sourceTree = "<group>";
		};
		0D2346581CB5B977007CCD03 /* LaunchScreen.storyboard */ = {
			isa = PBXVariantGroup;
			children = (
				0D2346591CB5B977007CCD03 /* Base */,
			);
			name = LaunchScreen.storyboard;
			sourceTree = "<group>";
		};
/* End PBXVariantGroup section */

/* Begin XCBuildConfiguration section */
		0D2346671CB5B977007CCD03 /* Debug */ = {
			isa = XCBuildConfiguration;
			buildSettings = {
				ALWAYS_SEARCH_USER_PATHS = NO;
				CLANG_CXX_LANGUAGE_STANDARD = "gnu++0x";
				CLANG_CXX_LIBRARY = "libc++";
				CLANG_ENABLE_MODULES = YES;
				CLANG_ENABLE_OBJC_ARC = YES;
				CLANG_WARN_BOOL_CONVERSION = YES;
				CLANG_WARN_CONSTANT_CONVERSION = YES;
				CLANG_WARN_DIRECT_OBJC_ISA_USAGE = YES_ERROR;
				CLANG_WARN_EMPTY_BODY = YES;
				CLANG_WARN_ENUM_CONVERSION = YES;
				CLANG_WARN_INT_CONVERSION = YES;
				CLANG_WARN_OBJC_ROOT_CLASS = YES_ERROR;
				CLANG_WARN_UNREACHABLE_CODE = YES;
				CLANG_WARN__DUPLICATE_METHOD_MATCH = YES;
				"CODE_SIGN_IDENTITY[sdk=iphoneos*]" = "iPhone Developer";
				COPY_PHASE_STRIP = NO;
				DEBUG_INFORMATION_FORMAT = dwarf;
				ENABLE_STRICT_OBJC_MSGSEND = YES;
				ENABLE_TESTABILITY = YES;
				GCC_C_LANGUAGE_STANDARD = gnu99;
				GCC_DYNAMIC_NO_PIC = NO;
				GCC_NO_COMMON_BLOCKS = YES;
				GCC_OPTIMIZATION_LEVEL = 0;
				GCC_PREPROCESSOR_DEFINITIONS = (
					"DEBUG=1",
					"$(inherited)",
				);
				GCC_WARN_64_TO_32_BIT_CONVERSION = YES;
				GCC_WARN_ABOUT_RETURN_TYPE = YES_ERROR;
				GCC_WARN_UNDECLARED_SELECTOR = YES;
				GCC_WARN_UNINITIALIZED_AUTOS = YES_AGGRESSIVE;
				GCC_WARN_UNUSED_FUNCTION = YES;
				GCC_WARN_UNUSED_VARIABLE = YES;
				IPHONEOS_DEPLOYMENT_TARGET = 9.2;
				MTL_ENABLE_DEBUG_INFO = YES;
				ONLY_ACTIVE_ARCH = YES;
				SDKROOT = iphoneos;
			};
			name = Debug;
		};
		0D2346681CB5B977007CCD03 /* Release */ = {
			isa = XCBuildConfiguration;
			buildSettings = {
				ALWAYS_SEARCH_USER_PATHS = NO;
				CLANG_CXX_LANGUAGE_STANDARD = "gnu++0x";
				CLANG_CXX_LIBRARY = "libc++";
				CLANG_ENABLE_MODULES = YES;
				CLANG_ENABLE_OBJC_ARC = YES;
				CLANG_WARN_BOOL_CONVERSION = YES;
				CLANG_WARN_CONSTANT_CONVERSION = YES;
				CLANG_WARN_DIRECT_OBJC_ISA_USAGE = YES_ERROR;
				CLANG_WARN_EMPTY_BODY = YES;
				CLANG_WARN_ENUM_CONVERSION = YES;
				CLANG_WARN_INT_CONVERSION = YES;
				CLANG_WARN_OBJC_ROOT_CLASS = YES_ERROR;
				CLANG_WARN_UNREACHABLE_CODE = YES;
				CLANG_WARN__DUPLICATE_METHOD_MATCH = YES;
				"CODE_SIGN_IDENTITY[sdk=iphoneos*]" = "iPhone Developer";
				COPY_PHASE_STRIP = NO;
				DEBUG_INFORMATION_FORMAT = "dwarf-with-dsym";
				ENABLE_NS_ASSERTIONS = NO;
				ENABLE_STRICT_OBJC_MSGSEND = YES;
				GCC_C_LANGUAGE_STANDARD = gnu99;
				GCC_NO_COMMON_BLOCKS = YES;
				GCC_WARN_64_TO_32_BIT_CONVERSION = YES;
				GCC_WARN_ABOUT_RETURN_TYPE = YES_ERROR;
				GCC_WARN_UNDECLARED_SELECTOR = YES;
				GCC_WARN_UNINITIALIZED_AUTOS = YES_AGGRESSIVE;
				GCC_WARN_UNUSED_FUNCTION = YES;
				GCC_WARN_UNUSED_VARIABLE = YES;
				IPHONEOS_DEPLOYMENT_TARGET = 9.2;
				MTL_ENABLE_DEBUG_INFO = NO;
				SDKROOT = iphoneos;
				VALIDATE_PRODUCT = YES;
			};
			name = Release;
		};
		0D23466A1CB5B977007CCD03 /* Debug */ = {
			isa = XCBuildConfiguration;
			buildSettings = {
				ASSETCATALOG_COMPILER_APPICON_NAME = AppIcon;
				INFOPLIST_FILE = CoolPlaces/Info.plist;
				LD_RUNPATH_SEARCH_PATHS = "$(inherited) @executable_path/Frameworks";
				PRODUCT_BUNDLE_IDENTIFIER = mulkey.CoolPlaces;
				PRODUCT_NAME = "$(TARGET_NAME)";
			};
			name = Debug;
		};
		0D23466B1CB5B977007CCD03 /* Release */ = {
			isa = XCBuildConfiguration;
			buildSettings = {
				ASSETCATALOG_COMPILER_APPICON_NAME = AppIcon;
				INFOPLIST_FILE = CoolPlaces/Info.plist;
				LD_RUNPATH_SEARCH_PATHS = "$(inherited) @executable_path/Frameworks";
				PRODUCT_BUNDLE_IDENTIFIER = mulkey.CoolPlaces;
				PRODUCT_NAME = "$(TARGET_NAME)";
			};
			name = Release;
		};
		0D23466D1CB5B977007CCD03 /* Debug */ = {
			isa = XCBuildConfiguration;
			buildSettings = {
				BUNDLE_LOADER = "$(TEST_HOST)";
				INFOPLIST_FILE = CoolPlacesTests/Info.plist;
				LD_RUNPATH_SEARCH_PATHS = "$(inherited) @executable_path/Frameworks @loader_path/Frameworks";
				PRODUCT_BUNDLE_IDENTIFIER = mulkey.CoolPlacesTests;
				PRODUCT_NAME = "$(TARGET_NAME)";
				TEST_HOST = "$(BUILT_PRODUCTS_DIR)/CoolPlaces.app/CoolPlaces";
			};
			name = Debug;
		};
		0D23466E1CB5B977007CCD03 /* Release */ = {
			isa = XCBuildConfiguration;
			buildSettings = {
				BUNDLE_LOADER = "$(TEST_HOST)";
				INFOPLIST_FILE = CoolPlacesTests/Info.plist;
				LD_RUNPATH_SEARCH_PATHS = "$(inherited) @executable_path/Frameworks @loader_path/Frameworks";
				PRODUCT_BUNDLE_IDENTIFIER = mulkey.CoolPlacesTests;
				PRODUCT_NAME = "$(TARGET_NAME)";
				TEST_HOST = "$(BUILT_PRODUCTS_DIR)/CoolPlaces.app/CoolPlaces";
			};
			name = Release;
		};
/* End XCBuildConfiguration section */

/* Begin XCConfigurationList section */
		0D23463F1CB5B977007CCD03 /* Build configuration list for PBXProject "CoolPlaces" */ = {
			isa = XCConfigurationList;
			buildConfigurations = (
				0D2346671CB5B977007CCD03 /* Debug */,
				0D2346681CB5B977007CCD03 /* Release */,
			);
			defaultConfigurationIsVisible = 0;
			defaultConfigurationName = Release;
		};
		0D2346691CB5B977007CCD03 /* Build configuration list for PBXNativeTarget "CoolPlaces" */ = {
			isa = XCConfigurationList;
			buildConfigurations = (
				0D23466A1CB5B977007CCD03 /* Debug */,
				0D23466B1CB5B977007CCD03 /* Release */,
			);
			defaultConfigurationIsVisible = 0;
			defaultConfigurationName = Release;
		};
		0D23466C1CB5B977007CCD03 /* Build configuration list for PBXNativeTarget "CoolPlacesTests" */ = {
			isa = XCConfigurationList;
			buildConfigurations = (
				0D23466D1CB5B977007CCD03 /* Debug */,
				0D23466E1CB5B977007CCD03 /* Release */,
			);
			defaultConfigurationIsVisible = 0;
			defaultConfigurationName = Release;
		};
/* End XCConfigurationList section */
	};
	rootObject = 0D23463C1CB5B977007CCD03 /* Project object */;
}
